
Microsoft Visual Studio Solution File, Format Version 12.00
# Visual Studio 15
VisualStudioVersion = 15.0.28307.438
MinimumVisualStudioVersion = 10.0.40219.1
Project("{8BC9CEB8-8B4A-11D0-8D11-00A0C91BC942}") = "RPQ", "RPQ\RPQ.vcxproj", "{643ED92A-D921-4249-A051-F037DF9A475B}"
EndProject
Global
	GlobalSection(SolutionConfigurationPlatforms) = preSolution
		Debug|x64 = Debug|x64
		Debug|x86 = Debug|x86
		Release|x64 = Release|x64
		Release|x86 = Release|x86
	EndGlobalSection
	GlobalSection(ProjectConfigurationPlatforms) = postSolution
		{643ED92A-D921-4249-A051-F037DF9A475B}.Debug|x64.ActiveCfg = Debug|x64
		{643ED92A-D921-4249-A051-F037DF9A475B}.Debug|x64.Build.0 = Debug|x64
		{643ED92A-D921-4249-A051-F037DF9A475B}.Debug|x86.ActiveCfg = Debug|Win32
		{643ED92A-D921-4249-A051-F037DF9A475B}.Debug|x86.Build.0 = Debug|Win32
		{643ED92A-D921-4249-A051-F037DF9A475B}.Release|x64.ActiveCfg = Release|x64
		{643ED92A-D921-4249-A051-F037DF9A475B}.Release|x64.Build.0 = Release|x64
		{643ED92A-D921-4249-A051-F037DF9A475B}.Release|x86.ActiveCfg = Release|Win32
		{643ED92A-D921-4249-A051-F037DF9A475B}.Release|x86.Build.0 = Release|Win32
	EndGlobalSection
	GlobalSection(SolutionProperties) = preSolution
		HideSolutionNode = FALSE
	EndGlobalSection
	GlobalSection(ExtensibilityGlobals) = postSolution
		SolutionGuid = {FE4F4D68-A206-4828-8764-1291A43A2665}
	EndGlobalSection
EndGlobal
